lockfileVersion: '6.0'

settings:
  autoInstallPeers: true
  excludeLinksFromLockfile: false

dependencies:
  '@types/node':
    specifier: ^18.16.1
    version: 18.19.71
  '@types/reflect-metadata':
    specifier: ^0.1.0
    version: 0.1.0
  '@types/uuid':
    specifier: ^9.0.7
    version: 9.0.8
  class-transformer:
    specifier: ^0.5.1
    version: 0.5.1
  class-validator:
    specifier: ^0.14.0
    version: 0.14.1
  reflect-metadata:
    specifier: ^0.2.1
    version: 0.2.2
  typescript:
    specifier: ^5.3.3
    version: 5.7.3
  uuid:
    specifier: ^9.0.1
    version: 9.0.1

packages:

  /@types/node@18.19.71:
    resolution: {integrity: sha512-evXpcgtZm8FY4jqBSN8+DmOTcVkkvTmAayeo4Wf3m1xAruyVGzGuDh/Fb/WWX2yLItUiho42ozyJjB0dw//Tkw==}
    dependencies:
      undici-types: 5.26.5
    dev: false

  /@types/reflect-metadata@0.1.0:
    resolution: {integrity: sha512-bXltFLY3qhzCnVYP5iUpeSICagQ8rc9K2liS+8M0lBcz54BHs3O6W5UvqespVSuebo1BXLi+/y9ioELAW9SC2A==}
    deprecated: This is a stub types definition for reflect-metadata (https://github.com/rbuckton/ReflectDecorators). reflect-metadata provides its own type definitions, so you don't need @types/reflect-metadata installed!
    dependencies:
      reflect-metadata: 0.2.2
    dev: false

  /@types/uuid@9.0.8:
    resolution: {integrity: sha512-jg+97EGIcY9AGHJJRaaPVgetKDsrTgbRjQ5Msgjh/DQKEFl0DtyRr/VCOyD1T2R1MNeWPK/u7JoGhlDZnKBAfA==}
    dev: false

  /@types/validator@13.12.2:
    resolution: {integrity: sha512-6SlHBzUW8Jhf3liqrGGXyTJSIFe4nqlJ5A5KaMZ2l/vbM3Wh3KSybots/wfWVzNLK4D1NZluDlSQIbIEPx6oyA==}
    dev: false

  /class-transformer@0.5.1:
    resolution: {integrity: sha512-SQa1Ws6hUbfC98vKGxZH3KFY0Y1lm5Zm0SY8XX9zbK7FJCyVEac3ATW0RIpwzW+oOfmHE5PMPufDG9hCfoEOMw==}
    dev: false

  /class-validator@0.14.1:
    resolution: {integrity: sha512-2VEG9JICxIqTpoK1eMzZqaV+u/EiwEJkMGzTrZf6sU/fwsnOITVgYJ8yojSy6CaXtO9V0Cc6ZQZ8h8m4UBuLwQ==}
    dependencies:
      '@types/validator': 13.12.2
      libphonenumber-js: 1.11.18
      validator: 13.12.0
    dev: false

  /libphonenumber-js@1.11.18:
    resolution: {integrity: sha512-okMm/MCoFrm1vByeVFLBdkFIXLSHy/AIK2AEGgY3eoicfWZeOZqv3GfhtQgICkzs/tqorAMm3a4GBg5qNCrqzg==}
    dev: false

  /reflect-metadata@0.2.2:
    resolution: {integrity: sha512-urBwgfrvVP/eAyXx4hluJivBKzuEbSQs9rKWCrCkbSxNv8mxPcUZKeuoF3Uy4mJl3Lwprp6yy5/39VWigZ4K6Q==}
    dev: false

  /typescript@5.7.3:
    resolution: {integrity: sha512-84MVSjMEHP+FQRPy3pX9sTVV/INIex71s9TL2Gm5FG/WG1SqXeKyZ0k7/blY/4FdOzI12CBy1vGc4og/eus0fw==}
    engines: {node: '>=14.17'}
    hasBin: true
    dev: false

  /undici-types@5.26.5:
    resolution: {integrity: sha512-JlCMO+ehdEIKqlFxk6IfVoAUVmgz7cU7zD/h9XZ0qzeosSHmUJVOzSQvvYSYWXkFXC+IfLKSIffhv0sVZup6pA==}
    dev: false

  /uuid@9.0.1:
    resolution: {integrity: sha512-b+1eJOlsR9K8HJpow9Ok3fiWOWSIcIzXodvv0rQjVoOVNpWMpxf1wZNpt4y9h10odCNrqnYp1OBzRktckBe3sA==}
    hasBin: true
    dev: false

  /validator@13.12.0:
    resolution: {integrity: sha512-c1Q0mCiPlgdTVVVIJIrBuxNicYE+t/7oKeI9MWLj3fh/uq2Pxh/3eeWbVZ4OcGW1TUf53At0njHw5SMdA3tmMg==}
    engines: {node: '>= 0.10'}
    dev: false
